
Microsoft Visual Studio Solution File, Format Version 12.00
# Visual Studio Version 16
VisualStudioVersion = 16.0.31025.194
MinimumVisualStudioVersion = 10.0.40219.1
Project("{E24C65DC-7377-472B-9ABA-BC803B73C61A}") = "wcfServiceTest", "wcfServiceTest\", "{11D1BD6B-8900-4073-BC96-4C62B9DD36C1}"
	ProjectSection(WebsiteProperties) = preProject
		TargetFrameworkMoniker = ".NETFramework,Version%3Dv4.5"
		Debug.AspNetCompiler.VirtualPath = "/localhost_50775"
		Debug.AspNetCompiler.PhysicalPath = "wcfServiceTest\"
		Debug.AspNetCompiler.TargetPath = "PrecompiledWeb\localhost_50775\"
		Debug.AspNetCompiler.Updateable = "true"
		Debug.AspNetCompiler.ForceOverwrite = "true"
		Debug.AspNetCompiler.FixedNames = "false"
		Debug.AspNetCompiler.Debug = "True"
		Release.AspNetCompiler.VirtualPath = "/localhost_50775"
		Release.AspNetCompiler.PhysicalPath = "wcfServiceTest\"
		Release.AspNetCompiler.TargetPath = "PrecompiledWeb\localhost_50775\"
		Release.AspNetCompiler.Updateable = "true"
		Release.AspNetCompiler.ForceOverwrite = "true"
		Release.AspNetCompiler.FixedNames = "false"
		Release.AspNetCompiler.Debug = "False"
		VWDPort = "50775"
		SlnRelativePath = "wcfServiceTest\"
		DefaultWebSiteLanguage = "Visual C#"
	EndProjectSection
EndProject
Global
	GlobalSection(SolutionConfigurationPlatforms) = preSolution
		Debug|Any CPU = Debug|Any CPU
	EndGlobalSection
	GlobalSection(ProjectConfigurationPlatforms) = postSolution
		{11D1BD6B-8900-4073-BC96-4C62B9DD36C1}.Debug|Any CPU.ActiveCfg = Debug|Any CPU
		{11D1BD6B-8900-4073-BC96-4C62B9DD36C1}.Debug|Any CPU.Build.0 = Debug|Any CPU
	EndGlobalSection
	GlobalSection(SolutionProperties) = preSolution
		HideSolutionNode = FALSE
	EndGlobalSection
	GlobalSection(ExtensibilityGlobals) = postSolution
		SolutionGuid = {5080C12F-76B8-477D-AD3A-9DD48BC90C3C}
	EndGlobalSection
EndGlobal
